{
  "pins" : [
    {
      "identity" : "langtools.swift",
      "kind" : "remoteSourceControl",
      "location" : "https://github.com/rchatham/LangTools.swift.git",
      "state" : {
        "branch" : "main",
        "revision" : "be85365661d5150ad00f7631d42d221c4f4c841a"
      }
    },
    {
      "identity" : "swiftyjson",
      "kind" : "remoteSourceControl",
      "location" : "https://github.com/SwiftyJSON/SwiftyJSON.git",
      "state" : {
        "revision" : "b3dcd7dbd0d488e1a7077cb33b00f2083e382f07",
        "version" : "5.0.1"
      }
    }
  ],
  "version" : 2
}
